
Microsoft Visual Studio Solution File, Format Version 12.00
# Visual Studio Version 17
VisualStudioVersion = 17.8.34330.188
MinimumVisualStudioVersion = 10.0.40219.1
Project("{FAE04EC0-301F-11D3-BF4B-00C04F79EFBC}") = "Dangnhap", "Dangnhap\Dangnhap.csproj", "{2D0ACEB9-A262-4E8D-B99D-D57E169E4ED7}"
EndProject
Global
	GlobalSection(SolutionConfigurationPlatforms) = preSolution
		Debug|Any CPU = Debug|Any CPU
		Release|Any CPU = Release|Any CPU
	EndGlobalSection
	GlobalSection(ProjectConfigurationPlatforms) = postSolution
		{2D0ACEB9-A262-4E8D-B99D-D57E169E4ED7}.Debug|Any CPU.ActiveCfg = Debug|Any CPU
		{2D0ACEB9-A262-4E8D-B99D-D57E169E4ED7}.Debug|Any CPU.Build.0 = Debug|Any CPU
		{2D0ACEB9-A262-4E8D-B99D-D57E169E4ED7}.Release|Any CPU.ActiveCfg = Release|Any CPU
		{2D0ACEB9-A262-4E8D-B99D-D57E169E4ED7}.Release|Any CPU.Build.0 = Release|Any CPU
	EndGlobalSection
	GlobalSection(SolutionProperties) = preSolution
		HideSolutionNode = FALSE
	EndGlobalSection
	GlobalSection(ExtensibilityGlobals) = postSolution
		SolutionGuid = {8BBB7E2F-10D4-47CE-BBF2-9B4A96C8E0CB}
	EndGlobalSection
EndGlobal
